
Microsoft Visual Studio Solution File, Format Version 12.00
# Visual Studio 2012
Project("{FAE04EC0-301F-11D3-BF4B-00C04F79EFBC}") = "Sandbox.Split", "Sandbox.Split\Sandbox.Split.csproj", "{81B9A3DD-3F82-4818-A022-170B11CD22D8}"
EndProject
Project("{2150E333-8FDC-42A3-9474-1A3956D46DE8}") = "Solution Items", "Solution Items", "{9C77F030-142B-4616-A857-C9422D1E4482}"
	ProjectSection(SolutionItems) = preProject
		ReadMe.md = ReadMe.md
	EndProjectSection
EndProject
Global
	GlobalSection(SolutionConfigurationPlatforms) = preSolution
		Debug|Any CPU = Debug|Any CPU
		Release|Any CPU = Release|Any CPU
	EndGlobalSection
	GlobalSection(ProjectConfigurationPlatforms) = postSolution
		{81B9A3DD-3F82-4818-A022-170B11CD22D8}.Debug|Any CPU.ActiveCfg = Debug|Any CPU
		{81B9A3DD-3F82-4818-A022-170B11CD22D8}.Debug|Any CPU.Build.0 = Debug|Any CPU
		{81B9A3DD-3F82-4818-A022-170B11CD22D8}.Release|Any CPU.ActiveCfg = Release|Any CPU
		{81B9A3DD-3F82-4818-A022-170B11CD22D8}.Release|Any CPU.Build.0 = Release|Any CPU
	EndGlobalSection
	GlobalSection(SolutionProperties) = preSolution
		HideSolutionNode = FALSE
	EndGlobalSection
EndGlobal
